// !$*UTF8*$!
{
	archiveVersion = 1;
	classes = {
	};
	objectVersion = 48;
	objects = {

/* Begin PBXBuildFile section */
		38243E0D1F6471BD009D2103 /* AppDelegate.swift in Sources */ = {isa = PBXBuildFile; fileRef = 38243E0C1F6471BD009D2103 /* AppDelegate.swift */; };
		38243E0F1F6471BD009D2103 /* WelcomeVC.swift in Sources */ = {isa = PBXBuildFile; fileRef = 38243E0E1F6471BD009D2103 /* WelcomeVC.swift */; };
		38243E121F6471BD009D2103 /* Main.storyboard in Resources */ = {isa = PBXBuildFile; fileRef = 38243E101F6471BD009D2103 /* Main.storyboard */; };
		38243E151F6471BE009D2103 /* app_swoosh.xcdatamodeld in Sources */ = {isa = PBXBuildFile; fileRef = 38243E131F6471BE009D2103 /* app_swoosh.xcdatamodeld */; };
		38243E171F6471BE009D2103 /* Assets.xcassets in Resources */ = {isa = PBXBuildFile; fileRef = 38243E161F6471BE009D2103 /* Assets.xcassets */; };
		38243E1A1F6471BE009D2103 /* LaunchScreen.storyboard in Resources */ = {isa = PBXBuildFile; fileRef = 38243E181F6471BE009D2103 /* LaunchScreen.storyboard */; };
		38243E251F6471BE009D2103 /* app_swooshTests.swift in Sources */ = {isa = PBXBuildFile; fileRef = 38243E241F6471BE009D2103 /* app_swooshTests.swift */; };
		38243E301F6471BE009D2103 /* app_swooshUITests.swift in Sources */ = {isa = PBXBuildFile; fileRef = 38243E2F1F6471BE009D2103 /* app_swooshUITests.swift */; };
		38243E4E1F64905A009D2103 /* BorderButton.swift in Sources */ = {isa = PBXBuildFile; fileRef = 38243E4D1F64905A009D2103 /* BorderButton.swift */; };
		38243E521F661DC3009D2103 /* LeagueVC.swift in Sources */ = {isa = PBXBuildFile; fileRef = 38243E511F661DC3009D2103 /* LeagueVC.swift */; };
		38243E541F661DE8009D2103 /* SkillVC.swift in Sources */ = {isa = PBXBuildFile; fileRef = 38243E531F661DE8009D2103 /* SkillVC.swift */; };
/* End PBXBuildFile section */

/* Begin PBXContainerItemProxy section */
		38243E211F6471BE009D2103 /* PBXContainerItemProxy */ = {
			isa = PBXContainerItemProxy;
			containerPortal = 38243E011F6471BD009D2103 /* Project object */;
			proxyType = 1;
			remoteGlobalIDString = 38243E081F6471BD009D2103;
			remoteInfo = "app-swoosh";
		};
		38243E2C1F6471BE009D2103 /* PBXContainerItemProxy */ = {
			isa = PBXContainerItemProxy;
			containerPortal = 38243E011F6471BD009D2103 /* Project object */;
			proxyType = 1;
			remoteGlobalIDString = 38243E081F6471BD009D2103;
			remoteInfo = "app-swoosh";
		};
/* End PBXContainerItemProxy section */

/* Begin PBXFileReference section */
		38243E091F6471BD009D2103 /* app-swoosh.app */ = {isa = PBXFileReference; explicitFileType = wrapper.application; includeInIndex = 0; path = "app-swoosh.app"; sourceTree = BUILT_PRODUCTS_DIR; };
		38243E0C1F6471BD009D2103 /* AppDelegate.swift */ = {isa = PBXFileReference; lastKnownFileType = sourcecode.swift; path = AppDelegate.swift; sourceTree = "<group>"; };
		38243E0E1F6471BD009D2103 /* WelcomeVC.swift */ = {isa = PBXFileReference; lastKnownFileType = sourcecode.swift; path = WelcomeVC.swift; sourceTree = "<group>"; };
		38243E111F6471BD009D2103 /* Base */ = {isa = PBXFileReference; lastKnownFileType = file.storyboard; name = Base; path = Base.lproj/Main.storyboard; sourceTree = "<group>"; };
		38243E141F6471BE009D2103 /* app_swoosh.xcdatamodel */ = {isa = PBXFileReference; lastKnownFileType = wrapper.xcdatamodel; path = app_swoosh.xcdatamodel; sourceTree = "<group>"; };
		38243E161F6471BE009D2103 /* Assets.xcassets */ = {isa = PBXFileReference; lastKnownFileType = folder.assetcatalog; path = Assets.xcassets; sourceTree = "<group>"; };
		38243E191F6471BE009D2103 /* Base */ = {isa = PBXFileReference; lastKnownFileType = file.storyboard; name = Base; path = Base.lproj/LaunchScreen.storyboard; sourceTree = "<group>"; };
		38243E1B1F6471BE009D2103 /* Info.plist */ = {isa = PBXFileReference; lastKnownFileType = text.plist.xml; path = Info.plist; sourceTree = "<group>"; };
		38243E201F6471BE009D2103 /* app-swooshTests.xctest */ = {isa = PBXFileReference; explicitFileType = wrapper.cfbundle; includeInIndex = 0; path = "app-swooshTests.xctest"; sourceTree = BUILT_PRODUCTS_DIR; };
		38243E241F6471BE009D2103 /* app_swooshTests.swift */ = {isa = PBXFileReference; lastKnownFileType = sourcecode.swift; path = app_swooshTests.swift; sourceTree = "<group>"; };
		38243E261F6471BE009D2103 /* Info.plist */ = {isa = PBXFileReference; lastKnownFileType = text.plist.xml; path = Info.plist; sourceTree = "<group>"; };
		38243E2B1F6471BE009D2103 /* app-swooshUITests.xctest */ = {isa = PBXFileReference; explicitFileType = wrapper.cfbundle; includeInIndex = 0; path = "app-swooshUITests.xctest"; sourceTree = BUILT_PRODUCTS_DIR; };
		38243E2F1F6471BE009D2103 /* app_swooshUITests.swift */ = {isa = PBXFileReference; lastKnownFileType = sourcecode.swift; path = app_swooshUITests.swift; sourceTree = "<group>"; };
		38243E311F6471BE009D2103 /* Info.plist */ = {isa = PBXFileReference; lastKnownFileType = text.plist.xml; path = Info.plist; sourceTree = "<group>"; };
		38243E4D1F64905A009D2103 /* BorderButton.swift */ = {isa = PBXFileReference; lastKnownFileType = sourcecode.swift; path = BorderButton.swift; sourceTree = "<group>"; };
		38243E511F661DC3009D2103 /* LeagueVC.swift */ = {isa = PBXFileReference; lastKnownFileType = sourcecode.swift; path = LeagueVC.swift; sourceTree = "<group>"; };
		38243E531F661DE8009D2103 /* SkillVC.swift */ = {isa = PBXFileReference; lastKnownFileType = sourcecode.swift; path = SkillVC.swift; sourceTree = "<group>"; };
/* End PBXFileReference section */

/* Begin PBXFrameworksBuildPhase section */
		38243E061F6471BD009D2103 /* Frameworks */ = {
			isa = PBXFrameworksBuildPhase;
			buildActionMask = 2147483647;
			files = (
			);
			runOnlyForDeploymentPostprocessing = 0;
		};
		38243E1D1F6471BE009D2103 /* Frameworks */ = {
			isa = PBXFrameworksBuildPhase;
			buildActionMask = 2147483647;
			files = (
			);
			runOnlyForDeploymentPostprocessing = 0;
		};
		38243E281F6471BE009D2103 /* Frameworks */ = {
			isa = PBXFrameworksBuildPhase;
			buildActionMask = 2147483647;
			files = (
			);
			runOnlyForDeploymentPostprocessing = 0;
		};
/* End PBXFrameworksBuildPhase section */

/* Begin PBXGroup section */
		38243E001F6471BD009D2103 = {
			isa = PBXGroup;
			children = (
				38243E0B1F6471BD009D2103 /* app-swoosh */,
				38243E231F6471BE009D2103 /* app-swooshTests */,
				38243E2E1F6471BE009D2103 /* app-swooshUITests */,
				38243E0A1F6471BD009D2103 /* Products */,
			);
			sourceTree = "<group>";
		};
		38243E0A1F6471BD009D2103 /* Products */ = {
			isa = PBXGroup;
			children = (
				38243E091F6471BD009D2103 /* app-swoosh.app */,
				38243E201F6471BE009D2103 /* app-swooshTests.xctest */,
				38243E2B1F6471BE009D2103 /* app-swooshUITests.xctest */,
			);
			name = Products;
			sourceTree = "<group>";
		};
		38243E0B1F6471BD009D2103 /* app-swoosh */ = {
			isa = PBXGroup;
			children = (
				38243E501F661C96009D2103 /* Model */,
				38243E4F1F661C7B009D2103 /* Controller */,
				38243E4C1F648FFD009D2103 /* View */,
				38243E0C1F6471BD009D2103 /* AppDelegate.swift */,
				38243E101F6471BD009D2103 /* Main.storyboard */,
				38243E161F6471BE009D2103 /* Assets.xcassets */,
				38243E181F6471BE009D2103 /* LaunchScreen.storyboard */,
				38243E1B1F6471BE009D2103 /* Info.plist */,
				38243E131F6471BE009D2103 /* app_swoosh.xcdatamodeld */,
			);
			path = "app-swoosh";
			sourceTree = "<group>";
		};
		38243E231F6471BE009D2103 /* app-swooshTests */ = {
			isa = PBXGroup;
			children = (
				38243E241F6471BE009D2103 /* app_swooshTests.swift */,
				38243E261F6471BE009D2103 /* Info.plist */,
			);
			path = "app-swooshTests";
			sourceTree = "<group>";
		};
		38243E2E1F6471BE009D2103 /* app-swooshUITests */ = {
			isa = PBXGroup;
			children = (
				38243E2F1F6471BE009D2103 /* app_swooshUITests.swift */,
				38243E311F6471BE009D2103 /* Info.plist */,
			);
			path = "app-swooshUITests";
			sourceTree = "<group>";
		};
		38243E4C1F648FFD009D2103 /* View */ = {
			isa = PBXGroup;
			children = (
				38243E4D1F64905A009D2103 /* BorderButton.swift */,
			);
			path = View;
			sourceTree = "<group>";
		};
		38243E4F1F661C7B009D2103 /* Controller */ = {
			isa = PBXGroup;
			children = (
				38243E0E1F6471BD009D2103 /* WelcomeVC.swift */,
				38243E511F661DC3009D2103 /* LeagueVC.swift */,
				38243E531F661DE8009D2103 /* SkillVC.swift */,
			);
			path = Controller;
			sourceTree = "<group>";
		};
		38243E501F661C96009D2103 /* Model */ = {
			isa = PBXGroup;
			children = (
			);
			path = Model;
			sourceTree = "<group>";
		};
/* End PBXGroup section */

/* Begin PBXNativeTarget section */
		38243E081F6471BD009D2103 /* app-swoosh */ = {
			isa = PBXNativeTarget;
			buildConfigurationList = 38243E341F6471BE009D2103 /* Build configuration list for PBXNativeTarget "app-swoosh" */;
			buildPhases = (
				38243E051F6471BD009D2103 /* Sources */,
				38243E061F6471BD009D2103 /* Frameworks */,
				38243E071F6471BD009D2103 /* Resources */,
			);
			buildRules = (
			);
			dependencies = (
			);
			name = "app-swoosh";
			productName = "app-swoosh";
			productReference = 38243E091F6471BD009D2103 /* app-swoosh.app */;
			productType = "com.apple.product-type.application";
		};
		38243E1F1F6471BE009D2103 /* app-swooshTests */ = {
			isa = PBXNativeTarget;
			buildConfigurationList = 38243E371F6471BE009D2103 /* Build configuration list for PBXNativeTarget "app-swooshTests" */;
			buildPhases = (
				38243E1C1F6471BE009D2103 /* Sources */,
				38243E1D1F6471BE009D2103 /* Frameworks */,
				38243E1E1F6471BE009D2103 /* Resources */,
			);
			buildRules = (
			);
			dependencies = (
				38243E221F6471BE009D2103 /* PBXTargetDependency */,
			);
			name = "app-swooshTests";
			productName = "app-swooshTests";
			productReference = 38243E201F6471BE009D2103 /* app-swooshTests.xctest */;
			productType = "com.apple.product-type.bundle.unit-test";
		};
		38243E2A1F6471BE009D2103 /* app-swooshUITests */ = {
			isa = PBXNativeTarget;
			buildConfigurationList = 38243E3A1F6471BE009D2103 /* Build configuration list for PBXNativeTarget "app-swooshUITests" */;
			buildPhases = (
				38243E271F6471BE009D2103 /* Sources */,
				38243E281F6471BE009D2103 /* Frameworks */,
				38243E291F6471BE009D2103 /* Resources */,
			);
			buildRules = (
			);
			dependencies = (
				38243E2D1F6471BE009D2103 /* PBXTargetDependency */,
			);
			name = "app-swooshUITests";
			productName = "app-swooshUITests";
			productReference = 38243E2B1F6471BE009D2103 /* app-swooshUITests.xctest */;
			productType = "com.apple.product-type.bundle.ui-testing";
		};
/* End PBXNativeTarget section */

/* Begin PBXProject section */
		38243E011F6471BD009D2103 /* Project object */ = {
			isa = PBXProject;
			attributes = {
				LastSwiftUpdateCheck = 0900;
				LastUpgradeCheck = 0900;
				ORGANIZATIONNAME = udemy;
				TargetAttributes = {
					38243E081F6471BD009D2103 = {
						CreatedOnToolsVersion = 9.0;
						ProvisioningStyle = Automatic;
					};
					38243E1F1F6471BE009D2103 = {
						CreatedOnToolsVersion = 9.0;
						ProvisioningStyle = Automatic;
						TestTargetID = 38243E081F6471BD009D2103;
					};
					38243E2A1F6471BE009D2103 = {
						CreatedOnToolsVersion = 9.0;
						ProvisioningStyle = Automatic;
						TestTargetID = 38243E081F6471BD009D2103;
					};
				};
			};
			buildConfigurationList = 38243E041F6471BD009D2103 /* Build configuration list for PBXProject "app-swoosh" */;
			compatibilityVersion = "Xcode 8.0";
			developmentRegion = en;
			hasScannedForEncodings = 0;
			knownRegions = (
				en,
				Base,
			);
			mainGroup = 38243E001F6471BD009D2103;
			productRefGroup = 38243E0A1F6471BD009D2103 /* Products */;
			projectDirPath = "";
			projectRoot = "";
			targets = (
				38243E081F6471BD009D2103 /* app-swoosh */,
				38243E1F1F6471BE009D2103 /* app-swooshTests */,
				38243E2A1F6471BE009D2103 /* app-swooshUITests */,
			);
		};
/* End PBXProject section */

/* Begin PBXResourcesBuildPhase section */
		38243E071F6471BD009D2103 /* Resources */ = {
			isa = PBXResourcesBuildPhase;
			buildActionMask = 2147483647;
			files = (
				38243E1A1F6471BE009D2103 /* LaunchScreen.storyboard in Resources */,
				38243E171F6471BE009D2103 /* Assets.xcassets in Resources */,
				38243E121F6471BD009D2103 /* Main.storyboard in Resources */,
			);
			runOnlyForDeploymentPostprocessing = 0;
		};
		38243E1E1F6471BE009D2103 /* Resources */ = {
			isa = PBXResourcesBuildPhase;
			buildActionMask = 2147483647;
			files = (
			);
			runOnlyForDeploymentPostprocessing = 0;
		};
		38243E291F6471BE009D2103 /* Resources */ = {
			isa = PBXResourcesBuildPhase;
			buildActionMask = 2147483647;
			files = (
			);
			runOnlyForDeploymentPostprocessing = 0;
		};
/* End PBXResourcesBuildPhase section */

/* Begin PBXSourcesBuildPhase section */
		38243E051F6471BD009D2103 /* Sources */ = {
			isa = PBXSourcesBuildPhase;
			buildActionMask = 2147483647;
			files = (
				38243E521F661DC3009D2103 /* LeagueVC.swift in Sources */,
				38243E0F1F6471BD009D2103 /* WelcomeVC.swift in Sources */,
				38243E151F6471BE009D2103 /* app_swoosh.xcdatamodeld in Sources */,
				38243E0D1F6471BD009D2103 /* AppDelegate.swift in Sources */,
				38243E541F661DE8009D2103 /* SkillVC.swift in Sources */,
				38243E4E1F64905A009D2103 /* BorderButton.swift in Sources */,
			);
			runOnlyForDeploymentPostprocessing = 0;
		};
		38243E1C1F6471BE009D2103 /* Sources */ = {
			isa = PBXSourcesBuildPhase;
			buildActionMask = 2147483647;
			files = (
				38243E251F6471BE009D2103 /* app_swooshTests.swift in Sources */,
			);
			runOnlyForDeploymentPostprocessing = 0;
		};
		38243E271F6471BE009D2103 /* Sources */ = {
			isa = PBXSourcesBuildPhase;
			buildActionMask = 2147483647;
			files = (
				38243E301F6471BE009D2103 /* app_swooshUITests.swift in Sources */,
			);
			runOnlyForDeploymentPostprocessing = 0;
		};
/* End PBXSourcesBuildPhase section */

/* Begin PBXTargetDependency section */
		38243E221F6471BE009D2103 /* PBXTargetDependency */ = {
			isa = PBXTargetDependency;
			target = 38243E081F6471BD009D2103 /* app-swoosh */;
			targetProxy = 38243E211F6471BE009D2103 /* PBXContainerItemProxy */;
		};
		38243E2D1F6471BE009D2103 /* PBXTargetDependency */ = {
			isa = PBXTargetDependency;
			target = 38243E081F6471BD009D2103 /* app-swoosh */;
			targetProxy = 38243E2C1F6471BE009D2103 /* PBXContainerItemProxy */;
		};
/* End PBXTargetDependency section */

/* Begin PBXVariantGroup section */
		38243E101F6471BD009D2103 /* Main.storyboard */ = {
			isa = PBXVariantGroup;
			children = (
				38243E111F6471BD009D2103 /* Base */,
			);
			name = Main.storyboard;
			sourceTree = "<group>";
		};
		38243E181F6471BE009D2103 /* LaunchScreen.storyboard */ = {
			isa = PBXVariantGroup;
			children = (
				38243E191F6471BE009D2103 /* Base */,
			);
			name = LaunchScreen.storyboard;
			sourceTree = "<group>";
		};
/* End PBXVariantGroup section */

/* Begin XCBuildConfiguration section */
		38243E321F6471BE009D2103 /* Debug */ = {
			isa = XCBuildConfiguration;
			buildSettings = {
				ALWAYS_SEARCH_USER_PATHS = NO;
				CLANG_ANALYZER_NONNULL = YES;
				CLANG_ANALYZER_NUMBER_OBJECT_CONVERSION = YES_AGGRESSIVE;
				CLANG_CXX_LANGUAGE_STANDARD = "gnu++14";
				CLANG_CXX_LIBRARY = "libc++";
				CLANG_ENABLE_MODULES = YES;
				CLANG_ENABLE_OBJC_ARC = YES;
				CLANG_WARN_BLOCK_CAPTURE_AUTORELEASING = YES;
				CLANG_WARN_BOOL_CONVERSION = YES;
				CLANG_WARN_COMMA = YES;
				CLANG_WARN_CONSTANT_CONVERSION = YES;
				CLANG_WARN_DIRECT_OBJC_ISA_USAGE = YES_ERROR;
				CLANG_WARN_DOCUMENTATION_COMMENTS = YES;
				CLANG_WARN_EMPTY_BODY = YES;
				CLANG_WARN_ENUM_CONVERSION = YES;
				CLANG_WARN_INFINITE_RECURSION = YES;
				CLANG_WARN_INT_CONVERSION = YES;
				CLANG_WARN_NON_LITERAL_NULL_CONVERSION = YES;
				CLANG_WARN_OBJC_LITERAL_CONVERSION = YES;
				CLANG_WARN_OBJC_ROOT_CLASS = YES_ERROR;
				CLANG_WARN_RANGE_LOOP_ANALYSIS = YES;
				CLANG_WARN_STRICT_PROTOTYPES = YES;
				CLANG_WARN_SUSPICIOUS_MOVE = YES;
				CLANG_WARN_UNGUARDED_AVAILABILITY = YES_AGGRESSIVE;
				CLANG_WARN_UNREACHABLE_CODE = YES;
				CLANG_WARN__DUPLICATE_METHOD_MATCH = YES;
				CODE_SIGN_IDENTITY = "iPhone Developer";
				COPY_PHASE_STRIP = NO;
				DEBUG_INFORMATION_FORMAT = dwarf;
				ENABLE_STRICT_OBJC_MSGSEND = YES;
				ENABLE_TESTABILITY = YES;
				GCC_C_LANGUAGE_STANDARD = gnu11;
				GCC_DYNAMIC_NO_PIC = NO;
				GCC_NO_COMMON_BLOCKS = YES;
				GCC_OPTIMIZATION_LEVEL = 0;
				GCC_PREPROCESSOR_DEFINITIONS = (
					"DEBUG=1",
					"$(inherited)",
				);
				GCC_WARN_64_TO_32_BIT_CONVERSION = YES;
				GCC_WARN_ABOUT_RETURN_TYPE = YES_ERROR;
				GCC_WARN_UNDECLARED_SELECTOR = YES;
				GCC_WARN_UNINITIALIZED_AUTOS = YES_AGGRESSIVE;
				GCC_WARN_UNUSED_FUNCTION = YES;
				GCC_WARN_UNUSED_VARIABLE = YES;
				IPHONEOS_DEPLOYMENT_TARGET = 11.0;
				MTL_ENABLE_DEBUG_INFO = YES;
				ONLY_ACTIVE_ARCH = YES;
				SDKROOT = iphoneos;
				SWIFT_ACTIVE_COMPILATION_CONDITIONS = DEBUG;
				SWIFT_OPTIMIZATION_LEVEL = "-Onone";
			};
			name = Debug;
		};
		38243E331F6471BE009D2103 /* Release */ = {
			isa = XCBuildConfiguration;
			buildSettings = {
				ALWAYS_SEARCH_USER_PATHS = NO;
				CLANG_ANALYZER_NONNULL = YES;
				CLANG_ANALYZER_NUMBER_OBJECT_CONVERSION = YES_AGGRESSIVE;
				CLANG_CXX_LANGUAGE_STANDARD = "gnu++14";
				CLANG_CXX_LIBRARY = "libc++";
				CLANG_ENABLE_MODULES = YES;
				CLANG_ENABLE_OBJC_ARC = YES;
				CLANG_WARN_BLOCK_CAPTURE_AUTORELEASING = YES;
				CLANG_WARN_BOOL_CONVERSION = YES;
				CLANG_WARN_COMMA = YES;
				CLANG_WARN_CONSTANT_CONVERSION = YES;
				CLANG_WARN_DIRECT_OBJC_ISA_USAGE = YES_ERROR;
				CLANG_WARN_DOCUMENTATION_COMMENTS = YES;
				CLANG_WARN_EMPTY_BODY = YES;
				CLANG_WARN_ENUM_CONVERSION = YES;
				CLANG_WARN_INFINITE_RECURSION = YES;
				CLANG_WARN_INT_CONVERSION = YES;
				CLANG_WARN_NON_LITERAL_NULL_CONVERSION = YES;
				CLANG_WARN_OBJC_LITERAL_CONVERSION = YES;
				CLANG_WARN_OBJC_ROOT_CLASS = YES_ERROR;
				CLANG_WARN_RANGE_LOOP_ANALYSIS = YES;
				CLANG_WARN_STRICT_PROTOTYPES = YES;
				CLANG_WARN_SUSPICIOUS_MOVE = YES;
				CLANG_WARN_UNGUARDED_AVAILABILITY = YES_AGGRESSIVE;
				CLANG_WARN_UNREACHABLE_CODE = YES;
				CLANG_WARN__DUPLICATE_METHOD_MATCH = YES;
				CODE_SIGN_IDENTITY = "iPhone Developer";
				COPY_PHASE_STRIP = NO;
				DEBUG_INFORMATION_FORMAT = "dwarf-with-dsym";
				ENABLE_NS_ASSERTIONS = NO;
				ENABLE_STRICT_OBJC_MSGSEND = YES;
				GCC_C_LANGUAGE_STANDARD = gnu11;
				GCC_NO_COMMON_BLOCKS = YES;
				GCC_WARN_64_TO_32_BIT_CONVERSION = YES;
				GCC_WARN_ABOUT_RETURN_TYPE = YES_ERROR;
				GCC_WARN_UNDECLARED_SELECTOR = YES;
				GCC_WARN_UNINITIALIZED_AUTOS = YES_AGGRESSIVE;
				GCC_WARN_UNUSED_FUNCTION = YES;
				GCC_WARN_UNUSED_VARIABLE = YES;
				IPHONEOS_DEPLOYMENT_TARGET = 11.0;
				MTL_ENABLE_DEBUG_INFO = NO;
				SDKROOT = iphoneos;
				SWIFT_OPTIMIZATION_LEVEL = "-Owholemodule";
				VALIDATE_PRODUCT = YES;
			};
			name = Release;
		};
		38243E351F6471BE009D2103 /* Debug */ = {
			isa = XCBuildConfiguration;
			buildSettings = {
				ASSETCATALOG_COMPILER_APPICON_NAME = AppIcon;
				CODE_SIGN_STYLE = Automatic;
				INFOPLIST_FILE = "app-swoosh/Info.plist";
				LD_RUNPATH_SEARCH_PATHS = "$(inherited) @executable_path/Frameworks";
				PRODUCT_BUNDLE_IDENTIFIER = "com.udemy.app-swoosh";
				PRODUCT_NAME = "$(TARGET_NAME)";
				SWIFT_VERSION = 4.0;
				TARGETED_DEVICE_FAMILY = "1,2";
			};
			name = Debug;
		};
		38243E361F6471BE009D2103 /* Release */ = {
			isa = XCBuildConfiguration;
			buildSettings = {
				ASSETCATALOG_COMPILER_APPICON_NAME = AppIcon;
				CODE_SIGN_STYLE = Automatic;
				INFOPLIST_FILE = "app-swoosh/Info.plist";
				LD_RUNPATH_SEARCH_PATHS = "$(inherited) @executable_path/Frameworks";
				PRODUCT_BUNDLE_IDENTIFIER = "com.udemy.app-swoosh";
				PRODUCT_NAME = "$(TARGET_NAME)";
				SWIFT_VERSION = 4.0;
				TARGETED_DEVICE_FAMILY = "1,2";
			};
			name = Release;
		};
		38243E381F6471BE009D2103 /* Debug */ = {
			isa = XCBuildConfiguration;
			buildSettings = {
				ALWAYS_EMBED_SWIFT_STANDARD_LIBRARIES = YES;
				BUNDLE_LOADER = "$(TEST_HOST)";
				CODE_SIGN_STYLE = Automatic;
				INFOPLIST_FILE = "app-swooshTests/Info.plist";
				LD_RUNPATH_SEARCH_PATHS = "$(inherited) @executable_path/Frameworks @loader_path/Frameworks";
				PRODUCT_BUNDLE_IDENTIFIER = "com.udemy.app-swooshTests";
				PRODUCT_NAME = "$(TARGET_NAME)";
				SWIFT_VERSION = 4.0;
				TARGETED_DEVICE_FAMILY = "1,2";
				TEST_HOST = "$(BUILT_PRODUCTS_DIR)/app-swoosh.app/app-swoosh";
			};
			name = Debug;
		};
		38243E391F6471BE009D2103 /* Release */ = {
			isa = XCBuildConfiguration;
			buildSettings = {
				ALWAYS_EMBED_SWIFT_STANDARD_LIBRARIES = YES;
				BUNDLE_LOADER = "$(TEST_HOST)";
				CODE_SIGN_STYLE = Automatic;
				INFOPLIST_FILE = "app-swooshTests/Info.plist";
				LD_RUNPATH_SEARCH_PATHS = "$(inherited) @executable_path/Frameworks @loader_path/Frameworks";
				PRODUCT_BUNDLE_IDENTIFIER = "com.udemy.app-swooshTests";
				PRODUCT_NAME = "$(TARGET_NAME)";
				SWIFT_VERSION = 4.0;
				TARGETED_DEVICE_FAMILY = "1,2";
				TEST_HOST = "$(BUILT_PRODUCTS_DIR)/app-swoosh.app/app-swoosh";
			};
			name = Release;
		};
		38243E3B1F6471BE009D2103 /* Debug */ = {
			isa = XCBuildConfiguration;
			buildSettings = {
				ALWAYS_EMBED_SWIFT_STANDARD_LIBRARIES = YES;
				CODE_SIGN_STYLE = Automatic;
				INFOPLIST_FILE = "app-swooshUITests/Info.plist";
				LD_RUNPATH_SEARCH_PATHS = "$(inherited) @executable_path/Frameworks @loader_path/Frameworks";
				PRODUCT_BUNDLE_IDENTIFIER = "com.udemy.app-swooshUITests";
				PRODUCT_NAME = "$(TARGET_NAME)";
				SWIFT_VERSION = 4.0;
				TARGETED_DEVICE_FAMILY = "1,2";
				TEST_TARGET_NAME = "app-swoosh";
			};
			name = Debug;
		};
		38243E3C1F6471BE009D2103 /* Release */ = {
			isa = XCBuildConfiguration;
			buildSettings = {
				ALWAYS_EMBED_SWIFT_STANDARD_LIBRARIES = YES;
				CODE_SIGN_STYLE = Automatic;
				INFOPLIST_FILE = "app-swooshUITests/Info.plist";
				LD_RUNPATH_SEARCH_PATHS = "$(inherited) @executable_path/Frameworks @loader_path/Frameworks";
				PRODUCT_BUNDLE_IDENTIFIER = "com.udemy.app-swooshUITests";
				PRODUCT_NAME = "$(TARGET_NAME)";
				SWIFT_VERSION = 4.0;
				TARGETED_DEVICE_FAMILY = "1,2";
				TEST_TARGET_NAME = "app-swoosh";
			};
			name = Release;
		};
/* End XCBuildConfiguration section */

/* Begin XCConfigurationList section */
		38243E041F6471BD009D2103 /* Build configuration list for PBXProject "app-swoosh" */ = {
			isa = XCConfigurationList;
			buildConfigurations = (
				38243E321F6471BE009D2103 /* Debug */,
				38243E331F6471BE009D2103 /* Release */,
			);
			defaultConfigurationIsVisible = 0;
			defaultConfigurationName = Release;
		};
		38243E341F6471BE009D2103 /* Build configuration list for PBXNativeTarget "app-swoosh" */ = {
			isa = XCConfigurationList;
			buildConfigurations = (
				38243E351F6471BE009D2103 /* Debug */,
				38243E361F6471BE009D2103 /* Release */,
			);
			defaultConfigurationIsVisible = 0;
			defaultConfigurationName = Release;
		};
		38243E371F6471BE009D2103 /* Build configuration list for PBXNativeTarget "app-swooshTests" */ = {
			isa = XCConfigurationList;
			buildConfigurations = (
				38243E381F6471BE009D2103 /* Debug */,
				38243E391F6471BE009D2103 /* Release */,
			);
			defaultConfigurationIsVisible = 0;
			defaultConfigurationName = Release;
		};
		38243E3A1F6471BE009D2103 /* Build configuration list for PBXNativeTarget "app-swooshUITests" */ = {
			isa = XCConfigurationList;
			buildConfigurations = (
				38243E3B1F6471BE009D2103 /* Debug */,
				38243E3C1F6471BE009D2103 /* Release */,
			);
			defaultConfigurationIsVisible = 0;
			defaultConfigurationName = Release;
		};
/* End XCConfigurationList section */

/* Begin XCVersionGroup section */
		38243E131F6471BE009D2103 /* app_swoosh.xcdatamodeld */ = {
			isa = XCVersionGroup;
			children = (
				38243E141F6471BE009D2103 /* app_swoosh.xcdatamodel */,
			);
			currentVersion = 38243E141F6471BE009D2103 /* app_swoosh.xcdatamodel */;
			path = app_swoosh.xcdatamodeld;
			sourceTree = "<group>";
			versionGroupType = wrapper.xcdatamodel;
		};
/* End XCVersionGroup section */
	};
	rootObject = 38243E011F6471BD009D2103 /* Project object */;
}
